
Microsoft Visual Studio Solution File, Format Version 12.00
# Visual Studio Version 16
VisualStudioVersion = 16.0.30114.105
MinimumVisualStudioVersion = 10.0.40219.1
Project("{FAE04EC0-301F-11D3-BF4B-00C04F79EFBC}") = "Fletchinder", "Fletchinder\Fletchinder.csproj", "{E3E09659-D0B5-403D-A33D-7B3016B5D695}"
EndProject
Project("{FAE04EC0-301F-11D3-BF4B-00C04F79EFBC}") = "Fletchinder.Console", "Fletchinder.CLI\Fletchinder.CLI.csproj", "{72420235-6802-4FD4-A47E-23A99383CB11}"
EndProject
Project("{FAE04EC0-301F-11D3-BF4B-00C04F79EFBC}") = "Fletchinder.Tests", "Fletchinder.Tests\Fletchinder.Tests.csproj", "{7853BE4A-0FC4-4B85-8E83-E1F7530E175D}"
EndProject
Global
	GlobalSection(SolutionConfigurationPlatforms) = preSolution
		Debug|Any CPU = Debug|Any CPU
		Debug|x64 = Debug|x64
		Debug|x86 = Debug|x86
		Release|Any CPU = Release|Any CPU
		Release|x64 = Release|x64
		Release|x86 = Release|x86
	EndGlobalSection
	GlobalSection(SolutionProperties) = preSolution
		HideSolutionNode = FALSE
	EndGlobalSection
	GlobalSection(ProjectConfigurationPlatforms) = postSolution
		{E3E09659-D0B5-403D-A33D-7B3016B5D695}.Debug|Any CPU.ActiveCfg = Debug|Any CPU
		{E3E09659-D0B5-403D-A33D-7B3016B5D695}.Debug|Any CPU.Build.0 = Debug|Any CPU
		{E3E09659-D0B5-403D-A33D-7B3016B5D695}.Debug|x64.ActiveCfg = Debug|Any CPU
		{E3E09659-D0B5-403D-A33D-7B3016B5D695}.Debug|x64.Build.0 = Debug|Any CPU
		{E3E09659-D0B5-403D-A33D-7B3016B5D695}.Debug|x86.ActiveCfg = Debug|Any CPU
		{E3E09659-D0B5-403D-A33D-7B3016B5D695}.Debug|x86.Build.0 = Debug|Any CPU
		{E3E09659-D0B5-403D-A33D-7B3016B5D695}.Release|Any CPU.ActiveCfg = Release|Any CPU
		{E3E09659-D0B5-403D-A33D-7B3016B5D695}.Release|Any CPU.Build.0 = Release|Any CPU
		{E3E09659-D0B5-403D-A33D-7B3016B5D695}.Release|x64.ActiveCfg = Release|Any CPU
		{E3E09659-D0B5-403D-A33D-7B3016B5D695}.Release|x64.Build.0 = Release|Any CPU
		{E3E09659-D0B5-403D-A33D-7B3016B5D695}.Release|x86.ActiveCfg = Release|Any CPU
		{E3E09659-D0B5-403D-A33D-7B3016B5D695}.Release|x86.Build.0 = Release|Any CPU
		{72420235-6802-4FD4-A47E-23A99383CB11}.Debug|Any CPU.ActiveCfg = Debug|Any CPU
		{72420235-6802-4FD4-A47E-23A99383CB11}.Debug|Any CPU.Build.0 = Debug|Any CPU
		{72420235-6802-4FD4-A47E-23A99383CB11}.Debug|x64.ActiveCfg = Debug|Any CPU
		{72420235-6802-4FD4-A47E-23A99383CB11}.Debug|x64.Build.0 = Debug|Any CPU
		{72420235-6802-4FD4-A47E-23A99383CB11}.Debug|x86.ActiveCfg = Debug|Any CPU
		{72420235-6802-4FD4-A47E-23A99383CB11}.Debug|x86.Build.0 = Debug|Any CPU
		{72420235-6802-4FD4-A47E-23A99383CB11}.Release|Any CPU.ActiveCfg = Release|Any CPU
		{72420235-6802-4FD4-A47E-23A99383CB11}.Release|Any CPU.Build.0 = Release|Any CPU
		{72420235-6802-4FD4-A47E-23A99383CB11}.Release|x64.ActiveCfg = Release|Any CPU
		{72420235-6802-4FD4-A47E-23A99383CB11}.Release|x64.Build.0 = Release|Any CPU
		{72420235-6802-4FD4-A47E-23A99383CB11}.Release|x86.ActiveCfg = Release|Any CPU
		{72420235-6802-4FD4-A47E-23A99383CB11}.Release|x86.Build.0 = Release|Any CPU
		{7853BE4A-0FC4-4B85-8E83-E1F7530E175D}.Debug|Any CPU.ActiveCfg = Debug|Any CPU
		{7853BE4A-0FC4-4B85-8E83-E1F7530E175D}.Debug|Any CPU.Build.0 = Debug|Any CPU
		{7853BE4A-0FC4-4B85-8E83-E1F7530E175D}.Debug|x64.ActiveCfg = Debug|Any CPU
		{7853BE4A-0FC4-4B85-8E83-E1F7530E175D}.Debug|x64.Build.0 = Debug|Any CPU
		{7853BE4A-0FC4-4B85-8E83-E1F7530E175D}.Debug|x86.ActiveCfg = Debug|Any CPU
		{7853BE4A-0FC4-4B85-8E83-E1F7530E175D}.Debug|x86.Build.0 = Debug|Any CPU
		{7853BE4A-0FC4-4B85-8E83-E1F7530E175D}.Release|Any CPU.ActiveCfg = Release|Any CPU
		{7853BE4A-0FC4-4B85-8E83-E1F7530E175D}.Release|Any CPU.Build.0 = Release|Any CPU
		{7853BE4A-0FC4-4B85-8E83-E1F7530E175D}.Release|x64.ActiveCfg = Release|Any CPU
		{7853BE4A-0FC4-4B85-8E83-E1F7530E175D}.Release|x64.Build.0 = Release|Any CPU
		{7853BE4A-0FC4-4B85-8E83-E1F7530E175D}.Release|x86.ActiveCfg = Release|Any CPU
		{7853BE4A-0FC4-4B85-8E83-E1F7530E175D}.Release|x86.Build.0 = Release|Any CPU
	EndGlobalSection
EndGlobal
